
Microsoft Visual Studio Solution File, Format Version 12.00
# Visual Studio Version 17
VisualStudioVersion = 17.13.35828.75 d17.13
MinimumVisualStudioVersion = 10.0.40219.1
Project("{FAE04EC0-301F-11D3-BF4B-00C04F79EFBC}") = "Aula1", "Aula1.csproj", "{5A91196E-FFD8-495A-803E-E4B872DC8B48}"
EndProject
Global
	GlobalSection(SolutionConfigurationPlatforms) = preSolution
		Debug|Any CPU = Debug|Any CPU
		Release|Any CPU = Release|Any CPU
	EndGlobalSection
	GlobalSection(ProjectConfigurationPlatforms) = postSolution
		{5A91196E-FFD8-495A-803E-E4B872DC8B48}.Debug|Any CPU.ActiveCfg = Debug|Any CPU
		{5A91196E-FFD8-495A-803E-E4B872DC8B48}.Debug|Any CPU.Build.0 = Debug|Any CPU
		{5A91196E-FFD8-495A-803E-E4B872DC8B48}.Release|Any CPU.ActiveCfg = Release|Any CPU
		{5A91196E-FFD8-495A-803E-E4B872DC8B48}.Release|Any CPU.Build.0 = Release|Any CPU
	EndGlobalSection
	GlobalSection(SolutionProperties) = preSolution
		HideSolutionNode = FALSE
	EndGlobalSection
	GlobalSection(ExtensibilityGlobals) = postSolution
		SolutionGuid = {C77504E3-F9CE-4F3C-BF92-C87210E26278}
	EndGlobalSection
EndGlobal
